// !$*UTF8*$!
{
	archiveVersion = 1;
	classes = {
	};
	objectVersion = 56;
	objects = {

/* Begin PBXBuildFile section */
		280223B729194A7500249E7C /* AppDelegate.swift in Sources */ = {isa = PBXBuildFile; fileRef = 280223B629194A7500249E7C /* AppDelegate.swift */; };
		280223B929194A7500249E7C /* SceneDelegate.swift in Sources */ = {isa = PBXBuildFile; fileRef = 280223B829194A7500249E7C /* SceneDelegate.swift */; };
		280223BB29194A7500249E7C /* DepartmentsViewController.swift in Sources */ = {isa = PBXBuildFile; fileRef = 280223BA29194A7500249E7C /* DepartmentsViewController.swift */; };
		280223BE29194A7500249E7C /* Main.storyboard in Resources */ = {isa = PBXBuildFile; fileRef = 280223BC29194A7500249E7C /* Main.storyboard */; };
		280223C029194A7800249E7C /* Assets.xcassets in Resources */ = {isa = PBXBuildFile; fileRef = 280223BF29194A7800249E7C /* Assets.xcassets */; };
		280223C329194A7800249E7C /* LaunchScreen.storyboard in Resources */ = {isa = PBXBuildFile; fileRef = 280223C129194A7800249E7C /* LaunchScreen.storyboard */; };
		280223D829194A7800249E7C /* APITestUITests.swift in Sources */ = {isa = PBXBuildFile; fileRef = 280223D729194A7800249E7C /* APITestUITests.swift */; };
		280223DA29194A7800249E7C /* APITestUITestsLaunchTests.swift in Sources */ = {isa = PBXBuildFile; fileRef = 280223D929194A7800249E7C /* APITestUITestsLaunchTests.swift */; };
		281DF365291B1C2E0004F233 /* ItemListViewModel.swift in Sources */ = {isa = PBXBuildFile; fileRef = 281DF364291B1C2E0004F233 /* ItemListViewModel.swift */; };
		281DF367291B1C3E0004F233 /* ItemTableViewCell.swift in Sources */ = {isa = PBXBuildFile; fileRef = 281DF366291B1C3E0004F233 /* ItemTableViewCell.swift */; };
		28400931291A9A52007A436F /* MetropolitanMuseusOfArt.swift in Sources */ = {isa = PBXBuildFile; fileRef = 28400930291A9A52007A436F /* MetropolitanMuseusOfArt.swift */; };
		28400933291A9AE8007A436F /* JSONTests.swift in Sources */ = {isa = PBXBuildFile; fileRef = 28400932291A9AE8007A436F /* JSONTests.swift */; };
		28400935291A9C8F007A436F /* Department.swift in Sources */ = {isa = PBXBuildFile; fileRef = 28400934291A9C8F007A436F /* Department.swift */; };
		28400937291AA198007A436F /* DataModel.swift in Sources */ = {isa = PBXBuildFile; fileRef = 28400936291AA198007A436F /* DataModel.swift */; };
		28400939291AA67A007A436F /* ItemID.swift in Sources */ = {isa = PBXBuildFile; fileRef = 28400938291AA67A007A436F /* ItemID.swift */; };
		2840093B291AA7B4007A436F /* JSONTestsData.swift in Sources */ = {isa = PBXBuildFile; fileRef = 2840093A291AA7B4007A436F /* JSONTestsData.swift */; };
		2840093D291AADAF007A436F /* DataManagerTests.swift in Sources */ = {isa = PBXBuildFile; fileRef = 2840093C291AADAF007A436F /* DataManagerTests.swift */; };
		2840093F291AB4C1007A436F /* Item.swift in Sources */ = {isa = PBXBuildFile; fileRef = 2840093E291AB4C1007A436F /* Item.swift */; };
		28BB1DCC291977C500A69A86 /* NetworkManager.swift in Sources */ = {isa = PBXBuildFile; fileRef = 28BB1DCB291977C500A69A86 /* NetworkManager.swift */; };
		28C5E9A4291ACAC5002A9EA8 /* DataController.swift in Sources */ = {isa = PBXBuildFile; fileRef = 28C5E9A3291ACAC5002A9EA8 /* DataController.swift */; };
		28C5E9A6291AD8B4002A9EA8 /* DepartmentsViewModel.swift in Sources */ = {isa = PBXBuildFile; fileRef = 28C5E9A5291AD8B4002A9EA8 /* DepartmentsViewModel.swift */; };
		28C5E9A8291AF5E9002A9EA8 /* ExtensionsForTests.swift in Sources */ = {isa = PBXBuildFile; fileRef = 28C5E9A7291AF5E9002A9EA8 /* ExtensionsForTests.swift */; };
		28C5E9AA291B1013002A9EA8 /* DepartmentTableViewCell.swift in Sources */ = {isa = PBXBuildFile; fileRef = 28C5E9A9291B1013002A9EA8 /* DepartmentTableViewCell.swift */; };
		28C5E9B1291B13C9002A9EA8 /* ItemListViewController.swift in Sources */ = {isa = PBXBuildFile; fileRef = 28C5E9AF291B13C9002A9EA8 /* ItemListViewController.swift */; };
		28ECFAE2291B925C0062FF66 /* ItemDetailView.swift in Sources */ = {isa = PBXBuildFile; fileRef = 28ECFAE1291B925C0062FF66 /* ItemDetailView.swift */; };
/* End PBXBuildFile section */

/* Begin PBXContainerItemProxy section */
		280223CA29194A7800249E7C /* PBXContainerItemProxy */ = {
			isa = PBXContainerItemProxy;
			containerPortal = 280223AB29194A7500249E7C /* Project object */;
			proxyType = 1;
			remoteGlobalIDString = 280223B229194A7500249E7C;
			remoteInfo = APITest;
		};
		280223D429194A7800249E7C /* PBXContainerItemProxy */ = {
			isa = PBXContainerItemProxy;
			containerPortal = 280223AB29194A7500249E7C /* Project object */;
			proxyType = 1;
			remoteGlobalIDString = 280223B229194A7500249E7C;
			remoteInfo = APITest;
		};
/* End PBXContainerItemProxy section */

/* Begin PBXFileReference section */
		280223B329194A7500249E7C /* APITest.app */ = {isa = PBXFileReference; explicitFileType = wrapper.application; includeInIndex = 0; path = APITest.app; sourceTree = BUILT_PRODUCTS_DIR; };
		280223B629194A7500249E7C /* AppDelegate.swift */ = {isa = PBXFileReference; lastKnownFileType = sourcecode.swift; path = AppDelegate.swift; sourceTree = "<group>"; };
		280223B829194A7500249E7C /* SceneDelegate.swift */ = {isa = PBXFileReference; lastKnownFileType = sourcecode.swift; path = SceneDelegate.swift; sourceTree = "<group>"; };
		280223BA29194A7500249E7C /* DepartmentsViewController.swift */ = {isa = PBXFileReference; lastKnownFileType = sourcecode.swift; path = DepartmentsViewController.swift; sourceTree = "<group>"; };
		280223BD29194A7500249E7C /* Base */ = {isa = PBXFileReference; lastKnownFileType = file.storyboard; name = Base; path = Base.lproj/Main.storyboard; sourceTree = "<group>"; };
		280223BF29194A7800249E7C /* Assets.xcassets */ = {isa = PBXFileReference; lastKnownFileType = folder.assetcatalog; path = Assets.xcassets; sourceTree = "<group>"; };
		280223C229194A7800249E7C /* Base */ = {isa = PBXFileReference; lastKnownFileType = file.storyboard; name = Base; path = Base.lproj/LaunchScreen.storyboard; sourceTree = "<group>"; };
		280223C429194A7800249E7C /* Info.plist */ = {isa = PBXFileReference; lastKnownFileType = text.plist.xml; path = Info.plist; sourceTree = "<group>"; };
		280223C929194A7800249E7C /* APITestTests.xctest */ = {isa = PBXFileReference; explicitFileType = wrapper.cfbundle; includeInIndex = 0; path = APITestTests.xctest; sourceTree = BUILT_PRODUCTS_DIR; };
		280223D329194A7800249E7C /* APITestUITests.xctest */ = {isa = PBXFileReference; explicitFileType = wrapper.cfbundle; includeInIndex = 0; path = APITestUITests.xctest; sourceTree = BUILT_PRODUCTS_DIR; };
		280223D729194A7800249E7C /* APITestUITests.swift */ = {isa = PBXFileReference; lastKnownFileType = sourcecode.swift; path = APITestUITests.swift; sourceTree = "<group>"; };
		280223D929194A7800249E7C /* APITestUITestsLaunchTests.swift */ = {isa = PBXFileReference; lastKnownFileType = sourcecode.swift; path = APITestUITestsLaunchTests.swift; sourceTree = "<group>"; };
		280223E62919574500249E7C /* README.txt */ = {isa = PBXFileReference; lastKnownFileType = text; path = README.txt; sourceTree = "<group>"; };
		281DF364291B1C2E0004F233 /* ItemListViewModel.swift */ = {isa = PBXFileReference; lastKnownFileType = sourcecode.swift; path = ItemListViewModel.swift; sourceTree = "<group>"; };
		281DF366291B1C3E0004F233 /* ItemTableViewCell.swift */ = {isa = PBXFileReference; lastKnownFileType = sourcecode.swift; path = ItemTableViewCell.swift; sourceTree = "<group>"; };
		28400930291A9A52007A436F /* MetropolitanMuseusOfArt.swift */ = {isa = PBXFileReference; lastKnownFileType = sourcecode.swift; path = MetropolitanMuseusOfArt.swift; sourceTree = "<group>"; };
		28400932291A9AE8007A436F /* JSONTests.swift */ = {isa = PBXFileReference; lastKnownFileType = sourcecode.swift; path = JSONTests.swift; sourceTree = "<group>"; };
		28400934291A9C8F007A436F /* Department.swift */ = {isa = PBXFileReference; lastKnownFileType = sourcecode.swift; path = Department.swift; sourceTree = "<group>"; };
		28400936291AA198007A436F /* DataModel.swift */ = {isa = PBXFileReference; lastKnownFileType = sourcecode.swift; path = DataModel.swift; sourceTree = "<group>"; };
		28400938291AA67A007A436F /* ItemID.swift */ = {isa = PBXFileReference; lastKnownFileType = sourcecode.swift; path = ItemID.swift; sourceTree = "<group>"; };
		2840093A291AA7B4007A436F /* JSONTestsData.swift */ = {isa = PBXFileReference; lastKnownFileType = sourcecode.swift; path = JSONTestsData.swift; sourceTree = "<group>"; };
		2840093C291AADAF007A436F /* DataManagerTests.swift */ = {isa = PBXFileReference; lastKnownFileType = sourcecode.swift; path = DataManagerTests.swift; sourceTree = "<group>"; };
		2840093E291AB4C1007A436F /* Item.swift */ = {isa = PBXFileReference; lastKnownFileType = sourcecode.swift; path = Item.swift; sourceTree = "<group>"; };
		28BB1DCB291977C500A69A86 /* NetworkManager.swift */ = {isa = PBXFileReference; lastKnownFileType = sourcecode.swift; path = NetworkManager.swift; sourceTree = "<group>"; };
		28C5E9A3291ACAC5002A9EA8 /* DataController.swift */ = {isa = PBXFileReference; lastKnownFileType = sourcecode.swift; path = DataController.swift; sourceTree = "<group>"; };
		28C5E9A5291AD8B4002A9EA8 /* DepartmentsViewModel.swift */ = {isa = PBXFileReference; lastKnownFileType = sourcecode.swift; path = DepartmentsViewModel.swift; sourceTree = "<group>"; };
		28C5E9A7291AF5E9002A9EA8 /* ExtensionsForTests.swift */ = {isa = PBXFileReference; lastKnownFileType = sourcecode.swift; path = ExtensionsForTests.swift; sourceTree = "<group>"; };
		28C5E9A9291B1013002A9EA8 /* DepartmentTableViewCell.swift */ = {isa = PBXFileReference; lastKnownFileType = sourcecode.swift; path = DepartmentTableViewCell.swift; sourceTree = "<group>"; };
		28C5E9AF291B13C9002A9EA8 /* ItemListViewController.swift */ = {isa = PBXFileReference; lastKnownFileType = sourcecode.swift; path = ItemListViewController.swift; sourceTree = "<group>"; };
		28ECFAE1291B925C0062FF66 /* ItemDetailView.swift */ = {isa = PBXFileReference; lastKnownFileType = sourcecode.swift; path = ItemDetailView.swift; sourceTree = "<group>"; };
/* End PBXFileReference section */

/* Begin PBXFrameworksBuildPhase section */
		280223B029194A7500249E7C /* Frameworks */ = {
			isa = PBXFrameworksBuildPhase;
			buildActionMask = 2147483647;
			files = (
			);
			runOnlyForDeploymentPostprocessing = 0;
		};
		280223C629194A7800249E7C /* Frameworks */ = {
			isa = PBXFrameworksBuildPhase;
			buildActionMask = 2147483647;
			files = (
			);
			runOnlyForDeploymentPostprocessing = 0;
		};
		280223D029194A7800249E7C /* Frameworks */ = {
			isa = PBXFrameworksBuildPhase;
			buildActionMask = 2147483647;
			files = (
			);
			runOnlyForDeploymentPostprocessing = 0;
		};
/* End PBXFrameworksBuildPhase section */

/* Begin PBXGroup section */
		280223AA29194A7500249E7C = {
			isa = PBXGroup;
			children = (
				280223E62919574500249E7C /* README.txt */,
				280223B529194A7500249E7C /* APITest */,
				280223CC29194A7800249E7C /* APITestTests */,
				280223D629194A7800249E7C /* APITestUITests */,
				280223B429194A7500249E7C /* Products */,
			);
			sourceTree = "<group>";
		};
		280223B429194A7500249E7C /* Products */ = {
			isa = PBXGroup;
			children = (
				280223B329194A7500249E7C /* APITest.app */,
				280223C929194A7800249E7C /* APITestTests.xctest */,
				280223D329194A7800249E7C /* APITestUITests.xctest */,
			);
			name = Products;
			sourceTree = "<group>";
		};
		280223B529194A7500249E7C /* APITest */ = {
			isa = PBXGroup;
			children = (
				2840092F291A98AD007A436F /* MetropolitanMuseumOfArt */,
				280223B629194A7500249E7C /* AppDelegate.swift */,
				28BB1DCB291977C500A69A86 /* NetworkManager.swift */,
				28400936291AA198007A436F /* DataModel.swift */,
				28C5E9A3291ACAC5002A9EA8 /* DataController.swift */,
				280223B829194A7500249E7C /* SceneDelegate.swift */,
				28ECFAE3291B9CA70062FF66 /* SwiftUI */,
				28C5E9AC291B1343002A9EA8 /* ViewControllers */,
				280223BF29194A7800249E7C /* Assets.xcassets */,
				28C5E9AD291B1367002A9EA8 /* Storyboards */,
				280223C429194A7800249E7C /* Info.plist */,
			);
			path = APITest;
			sourceTree = "<group>";
		};
		280223CC29194A7800249E7C /* APITestTests */ = {
			isa = PBXGroup;
			children = (
				28400932291A9AE8007A436F /* JSONTests.swift */,
				2840093A291AA7B4007A436F /* JSONTestsData.swift */,
				2840093C291AADAF007A436F /* DataManagerTests.swift */,
				28C5E9A7291AF5E9002A9EA8 /* ExtensionsForTests.swift */,
			);
			path = APITestTests;
			sourceTree = "<group>";
		};
		280223D629194A7800249E7C /* APITestUITests */ = {
			isa = PBXGroup;
			children = (
				280223D729194A7800249E7C /* APITestUITests.swift */,
				280223D929194A7800249E7C /* APITestUITestsLaunchTests.swift */,
			);
			path = APITestUITests;
			sourceTree = "<group>";
		};
		2840092F291A98AD007A436F /* MetropolitanMuseumOfArt */ = {
			isa = PBXGroup;
			children = (
				28400930291A9A52007A436F /* MetropolitanMuseusOfArt.swift */,
				28400934291A9C8F007A436F /* Department.swift */,
				28400938291AA67A007A436F /* ItemID.swift */,
				2840093E291AB4C1007A436F /* Item.swift */,
			);
			path = MetropolitanMuseumOfArt;
			sourceTree = "<group>";
		};
		28C5E9AB291B1299002A9EA8 /* Department */ = {
			isa = PBXGroup;
			children = (
				280223BA29194A7500249E7C /* DepartmentsViewController.swift */,
				28C5E9A5291AD8B4002A9EA8 /* DepartmentsViewModel.swift */,
				28C5E9A9291B1013002A9EA8 /* DepartmentTableViewCell.swift */,
			);
			path = Department;
			sourceTree = "<group>";
		};
		28C5E9AC291B1343002A9EA8 /* ViewControllers */ = {
			isa = PBXGroup;
			children = (
				28C5E9AE291B139A002A9EA8 /* IItemList */,
				28C5E9AB291B1299002A9EA8 /* Department */,
			);
			path = ViewControllers;
			sourceTree = "<group>";
		};
		28C5E9AD291B1367002A9EA8 /* Storyboards */ = {
			isa = PBXGroup;
			children = (
				280223BC29194A7500249E7C /* Main.storyboard */,
				280223C129194A7800249E7C /* LaunchScreen.storyboard */,
			);
			path = Storyboards;
			sourceTree = "<group>";
		};
		28C5E9AE291B139A002A9EA8 /* IItemList */ = {
			isa = PBXGroup;
			children = (
				28C5E9AF291B13C9002A9EA8 /* ItemListViewController.swift */,
				281DF364291B1C2E0004F233 /* ItemListViewModel.swift */,
				281DF366291B1C3E0004F233 /* ItemTableViewCell.swift */,
			);
			path = IItemList;
			sourceTree = "<group>";
		};
		28ECFAAA291B86860062FF66 /* ItemDetailView */ = {
			isa = PBXGroup;
			children = (
				28ECFAE1291B925C0062FF66 /* ItemDetailView.swift */,
			);
			path = ItemDetailView;
			sourceTree = "<group>";
		};
		28ECFAE3291B9CA70062FF66 /* SwiftUI */ = {
			isa = PBXGroup;
			children = (
				28ECFAAA291B86860062FF66 /* ItemDetailView */,
			);
			path = SwiftUI;
			sourceTree = "<group>";
		};
/* End PBXGroup section */

/* Begin PBXNativeTarget section */
		280223B229194A7500249E7C /* APITest */ = {
			isa = PBXNativeTarget;
			buildConfigurationList = 280223DD29194A7800249E7C /* Build configuration list for PBXNativeTarget "APITest" */;
			buildPhases = (
				280223AF29194A7500249E7C /* Sources */,
				280223B029194A7500249E7C /* Frameworks */,
				280223B129194A7500249E7C /* Resources */,
			);
			buildRules = (
			);
			dependencies = (
			);
			name = APITest;
			productName = APITest;
			productReference = 280223B329194A7500249E7C /* APITest.app */;
			productType = "com.apple.product-type.application";
		};
		280223C829194A7800249E7C /* APITestTests */ = {
			isa = PBXNativeTarget;
			buildConfigurationList = 280223E029194A7800249E7C /* Build configuration list for PBXNativeTarget "APITestTests" */;
			buildPhases = (
				280223C529194A7800249E7C /* Sources */,
				280223C629194A7800249E7C /* Frameworks */,
				280223C729194A7800249E7C /* Resources */,
			);
			buildRules = (
			);
			dependencies = (
				280223CB29194A7800249E7C /* PBXTargetDependency */,
			);
			name = APITestTests;
			productName = APITestTests;
			productReference = 280223C929194A7800249E7C /* APITestTests.xctest */;
			productType = "com.apple.product-type.bundle.unit-test";
		};
		280223D229194A7800249E7C /* APITestUITests */ = {
			isa = PBXNativeTarget;
			buildConfigurationList = 280223E329194A7800249E7C /* Build configuration list for PBXNativeTarget "APITestUITests" */;
			buildPhases = (
				280223CF29194A7800249E7C /* Sources */,
				280223D029194A7800249E7C /* Frameworks */,
				280223D129194A7800249E7C /* Resources */,
			);
			buildRules = (
			);
			dependencies = (
				280223D529194A7800249E7C /* PBXTargetDependency */,
			);
			name = APITestUITests;
			productName = APITestUITests;
			productReference = 280223D329194A7800249E7C /* APITestUITests.xctest */;
			productType = "com.apple.product-type.bundle.ui-testing";
		};
/* End PBXNativeTarget section */

/* Begin PBXProject section */
		280223AB29194A7500249E7C /* Project object */ = {
			isa = PBXProject;
			attributes = {
				BuildIndependentTargetsInParallel = 1;
				LastSwiftUpdateCheck = 1410;
				LastUpgradeCheck = 1410;
				TargetAttributes = {
					280223B229194A7500249E7C = {
						CreatedOnToolsVersion = 14.1;
					};
					280223C829194A7800249E7C = {
						CreatedOnToolsVersion = 14.1;
						TestTargetID = 280223B229194A7500249E7C;
					};
					280223D229194A7800249E7C = {
						CreatedOnToolsVersion = 14.1;
						TestTargetID = 280223B229194A7500249E7C;
					};
				};
			};
			buildConfigurationList = 280223AE29194A7500249E7C /* Build configuration list for PBXProject "APITest" */;
			compatibilityVersion = "Xcode 14.0";
			developmentRegion = en;
			hasScannedForEncodings = 0;
			knownRegions = (
				en,
				Base,
			);
			mainGroup = 280223AA29194A7500249E7C;
			productRefGroup = 280223B429194A7500249E7C /* Products */;
			projectDirPath = "";
			projectRoot = "";
			targets = (
				280223B229194A7500249E7C /* APITest */,
				280223C829194A7800249E7C /* APITestTests */,
				280223D229194A7800249E7C /* APITestUITests */,
			);
		};
/* End PBXProject section */

/* Begin PBXResourcesBuildPhase section */
		280223B129194A7500249E7C /* Resources */ = {
			isa = PBXResourcesBuildPhase;
			buildActionMask = 2147483647;
			files = (
				280223C329194A7800249E7C /* LaunchScreen.storyboard in Resources */,
				280223C029194A7800249E7C /* Assets.xcassets in Resources */,
				280223BE29194A7500249E7C /* Main.storyboard in Resources */,
			);
			runOnlyForDeploymentPostprocessing = 0;
		};
		280223C729194A7800249E7C /* Resources */ = {
			isa = PBXResourcesBuildPhase;
			buildActionMask = 2147483647;
			files = (
			);
			runOnlyForDeploymentPostprocessing = 0;
		};
		280223D129194A7800249E7C /* Resources */ = {
			isa = PBXResourcesBuildPhase;
			buildActionMask = 2147483647;
			files = (
			);
			runOnlyForDeploymentPostprocessing = 0;
		};
/* End PBXResourcesBuildPhase section */

/* Begin PBXSourcesBuildPhase section */
		280223AF29194A7500249E7C /* Sources */ = {
			isa = PBXSourcesBuildPhase;
			buildActionMask = 2147483647;
			files = (
				280223BB29194A7500249E7C /* DepartmentsViewController.swift in Sources */,
				2840093F291AB4C1007A436F /* Item.swift in Sources */,
				28BB1DCC291977C500A69A86 /* NetworkManager.swift in Sources */,
				28C5E9AA291B1013002A9EA8 /* DepartmentTableViewCell.swift in Sources */,
				280223B729194A7500249E7C /* AppDelegate.swift in Sources */,
				281DF365291B1C2E0004F233 /* ItemListViewModel.swift in Sources */,
				28400931291A9A52007A436F /* MetropolitanMuseusOfArt.swift in Sources */,
				281DF367291B1C3E0004F233 /* ItemTableViewCell.swift in Sources */,
				28C5E9A4291ACAC5002A9EA8 /* DataController.swift in Sources */,
				28400939291AA67A007A436F /* ItemID.swift in Sources */,
				28ECFAE2291B925C0062FF66 /* ItemDetailView.swift in Sources */,
				28C5E9B1291B13C9002A9EA8 /* ItemListViewController.swift in Sources */,
				280223B929194A7500249E7C /* SceneDelegate.swift in Sources */,
				28C5E9A6291AD8B4002A9EA8 /* DepartmentsViewModel.swift in Sources */,
				28400937291AA198007A436F /* DataModel.swift in Sources */,
				28400935291A9C8F007A436F /* Department.swift in Sources */,
			);
			runOnlyForDeploymentPostprocessing = 0;
		};
		280223C529194A7800249E7C /* Sources */ = {
			isa = PBXSourcesBuildPhase;
			buildActionMask = 2147483647;
			files = (
				28400933291A9AE8007A436F /* JSONTests.swift in Sources */,
				28C5E9A8291AF5E9002A9EA8 /* ExtensionsForTests.swift in Sources */,
				2840093D291AADAF007A436F /* DataManagerTests.swift in Sources */,
				2840093B291AA7B4007A436F /* JSONTestsData.swift in Sources */,
			);
			runOnlyForDeploymentPostprocessing = 0;
		};
		280223CF29194A7800249E7C /* Sources */ = {
			isa = PBXSourcesBuildPhase;
			buildActionMask = 2147483647;
			files = (
				280223D829194A7800249E7C /* APITestUITests.swift in Sources */,
				280223DA29194A7800249E7C /* APITestUITestsLaunchTests.swift in Sources */,
			);
			runOnlyForDeploymentPostprocessing = 0;
		};
/* End PBXSourcesBuildPhase section */

/* Begin PBXTargetDependency section */
		280223CB29194A7800249E7C /* PBXTargetDependency */ = {
			isa = PBXTargetDependency;
			target = 280223B229194A7500249E7C /* APITest */;
			targetProxy = 280223CA29194A7800249E7C /* PBXContainerItemProxy */;
		};
		280223D529194A7800249E7C /* PBXTargetDependency */ = {
			isa = PBXTargetDependency;
			target = 280223B229194A7500249E7C /* APITest */;
			targetProxy = 280223D429194A7800249E7C /* PBXContainerItemProxy */;
		};
/* End PBXTargetDependency section */

/* Begin PBXVariantGroup section */
		280223BC29194A7500249E7C /* Main.storyboard */ = {
			isa = PBXVariantGroup;
			children = (
				280223BD29194A7500249E7C /* Base */,
			);
			name = Main.storyboard;
			sourceTree = "<group>";
		};
		280223C129194A7800249E7C /* LaunchScreen.storyboard */ = {
			isa = PBXVariantGroup;
			children = (
				280223C229194A7800249E7C /* Base */,
			);
			name = LaunchScreen.storyboard;
			sourceTree = "<group>";
		};
/* End PBXVariantGroup section */

/* Begin XCBuildConfiguration section */
		280223DB29194A7800249E7C /* Debug */ = {
			isa = XCBuildConfiguration;
			buildSettings = {
				ALWAYS_SEARCH_USER_PATHS = NO;
				CLANG_ANALYZER_NONNULL = YES;
				CLANG_ANALYZER_NUMBER_OBJECT_CONVERSION = YES_AGGRESSIVE;
				CLANG_CXX_LANGUAGE_STANDARD = "gnu++20";
				CLANG_ENABLE_MODULES = YES;
				CLANG_ENABLE_OBJC_ARC = YES;
				CLANG_ENABLE_OBJC_WEAK = YES;
				CLANG_WARN_BLOCK_CAPTURE_AUTORELEASING = YES;
				CLANG_WARN_BOOL_CONVERSION = YES;
				CLANG_WARN_COMMA = YES;
				CLANG_WARN_CONSTANT_CONVERSION = YES;
				CLANG_WARN_DEPRECATED_OBJC_IMPLEMENTATIONS = YES;
				CLANG_WARN_DIRECT_OBJC_ISA_USAGE = YES_ERROR;
				CLANG_WARN_DOCUMENTATION_COMMENTS = YES;
				CLANG_WARN_EMPTY_BODY = YES;
				CLANG_WARN_ENUM_CONVERSION = YES;
				CLANG_WARN_INFINITE_RECURSION = YES;
				CLANG_WARN_INT_CONVERSION = YES;
				CLANG_WARN_NON_LITERAL_NULL_CONVERSION = YES;
				CLANG_WARN_OBJC_IMPLICIT_RETAIN_SELF = YES;
				CLANG_WARN_OBJC_LITERAL_CONVERSION = YES;
				CLANG_WARN_OBJC_ROOT_CLASS = YES_ERROR;
				CLANG_WARN_QUOTED_INCLUDE_IN_FRAMEWORK_HEADER = YES;
				CLANG_WARN_RANGE_LOOP_ANALYSIS = YES;
				CLANG_WARN_STRICT_PROTOTYPES = YES;
				CLANG_WARN_SUSPICIOUS_MOVE = YES;
				CLANG_WARN_UNGUARDED_AVAILABILITY = YES_AGGRESSIVE;
				CLANG_WARN_UNREACHABLE_CODE = YES;
				CLANG_WARN__DUPLICATE_METHOD_MATCH = YES;
				COPY_PHASE_STRIP = NO;
				DEBUG_INFORMATION_FORMAT = dwarf;
				ENABLE_STRICT_OBJC_MSGSEND = YES;
				ENABLE_TESTABILITY = YES;
				GCC_C_LANGUAGE_STANDARD = gnu11;
				GCC_DYNAMIC_NO_PIC = NO;
				GCC_NO_COMMON_BLOCKS = YES;
				GCC_OPTIMIZATION_LEVEL = 0;
				GCC_PREPROCESSOR_DEFINITIONS = (
					"DEBUG=1",
					"$(inherited)",
				);
				GCC_WARN_64_TO_32_BIT_CONVERSION = YES;
				GCC_WARN_ABOUT_RETURN_TYPE = YES_ERROR;
				GCC_WARN_UNDECLARED_SELECTOR = YES;
				GCC_WARN_UNINITIALIZED_AUTOS = YES_AGGRESSIVE;
				GCC_WARN_UNUSED_FUNCTION = YES;
				GCC_WARN_UNUSED_VARIABLE = YES;
				IPHONEOS_DEPLOYMENT_TARGET = 16.1;
				MTL_ENABLE_DEBUG_INFO = INCLUDE_SOURCE;
				MTL_FAST_MATH = YES;
				ONLY_ACTIVE_ARCH = YES;
				SDKROOT = iphoneos;
				SWIFT_ACTIVE_COMPILATION_CONDITIONS = DEBUG;
				SWIFT_OPTIMIZATION_LEVEL = "-Onone";
			};
			name = Debug;
		};
		280223DC29194A7800249E7C /* Release */ = {
			isa = XCBuildConfiguration;
			buildSettings = {
				ALWAYS_SEARCH_USER_PATHS = NO;
				CLANG_ANALYZER_NONNULL = YES;
				CLANG_ANALYZER_NUMBER_OBJECT_CONVERSION = YES_AGGRESSIVE;
				CLANG_CXX_LANGUAGE_STANDARD = "gnu++20";
				CLANG_ENABLE_MODULES = YES;
				CLANG_ENABLE_OBJC_ARC = YES;
				CLANG_ENABLE_OBJC_WEAK = YES;
				CLANG_WARN_BLOCK_CAPTURE_AUTORELEASING = YES;
				CLANG_WARN_BOOL_CONVERSION = YES;
				CLANG_WARN_COMMA = YES;
				CLANG_WARN_CONSTANT_CONVERSION = YES;
				CLANG_WARN_DEPRECATED_OBJC_IMPLEMENTATIONS = YES;
				CLANG_WARN_DIRECT_OBJC_ISA_USAGE = YES_ERROR;
				CLANG_WARN_DOCUMENTATION_COMMENTS = YES;
				CLANG_WARN_EMPTY_BODY = YES;
				CLANG_WARN_ENUM_CONVERSION = YES;
				CLANG_WARN_INFINITE_RECURSION = YES;
				CLANG_WARN_INT_CONVERSION = YES;
				CLANG_WARN_NON_LITERAL_NULL_CONVERSION = YES;
				CLANG_WARN_OBJC_IMPLICIT_RETAIN_SELF = YES;
				CLANG_WARN_OBJC_LITERAL_CONVERSION = YES;
				CLANG_WARN_OBJC_ROOT_CLASS = YES_ERROR;
				CLANG_WARN_QUOTED_INCLUDE_IN_FRAMEWORK_HEADER = YES;
				CLANG_WARN_RANGE_LOOP_ANALYSIS = YES;
				CLANG_WARN_STRICT_PROTOTYPES = YES;
				CLANG_WARN_SUSPICIOUS_MOVE = YES;
				CLANG_WARN_UNGUARDED_AVAILABILITY = YES_AGGRESSIVE;
				CLANG_WARN_UNREACHABLE_CODE = YES;
				CLANG_WARN__DUPLICATE_METHOD_MATCH = YES;
				COPY_PHASE_STRIP = NO;
				DEBUG_INFORMATION_FORMAT = "dwarf-with-dsym";
				ENABLE_NS_ASSERTIONS = NO;
				ENABLE_STRICT_OBJC_MSGSEND = YES;
				GCC_C_LANGUAGE_STANDARD = gnu11;
				GCC_NO_COMMON_BLOCKS = YES;
				GCC_WARN_64_TO_32_BIT_CONVERSION = YES;
				GCC_WARN_ABOUT_RETURN_TYPE = YES_ERROR;
				GCC_WARN_UNDECLARED_SELECTOR = YES;
				GCC_WARN_UNINITIALIZED_AUTOS = YES_AGGRESSIVE;
				GCC_WARN_UNUSED_FUNCTION = YES;
				GCC_WARN_UNUSED_VARIABLE = YES;
				IPHONEOS_DEPLOYMENT_TARGET = 16.1;
				MTL_ENABLE_DEBUG_INFO = NO;
				MTL_FAST_MATH = YES;
				SDKROOT = iphoneos;
				SWIFT_COMPILATION_MODE = wholemodule;
				SWIFT_OPTIMIZATION_LEVEL = "-O";
				VALIDATE_PRODUCT = YES;
			};
			name = Release;
		};
		280223DE29194A7800249E7C /* Debug */ = {
			isa = XCBuildConfiguration;
			buildSettings = {
				ASSETCATALOG_COMPILER_APPICON_NAME = AppIcon;
				ASSETCATALOG_COMPILER_GLOBAL_ACCENT_COLOR_NAME = AccentColor;
				CODE_SIGN_STYLE = Automatic;
				CURRENT_PROJECT_VERSION = 1;
				DEVELOPMENT_TEAM = 2MNJFCF34J;
				GENERATE_INFOPLIST_FILE = YES;
				INFOPLIST_FILE = APITest/Info.plist;
				INFOPLIST_KEY_UIApplicationSupportsIndirectInputEvents = YES;
				INFOPLIST_KEY_UILaunchStoryboardName = LaunchScreen;
				INFOPLIST_KEY_UIMainStoryboardFile = Main;
				INFOPLIST_KEY_UISupportedInterfaceOrientations_iPad = "UIInterfaceOrientationPortrait UIInterfaceOrientationPortraitUpsideDown UIInterfaceOrientationLandscapeLeft UIInterfaceOrientationLandscapeRight";
				INFOPLIST_KEY_UISupportedInterfaceOrientations_iPhone = "UIInterfaceOrientationPortrait UIInterfaceOrientationLandscapeLeft UIInterfaceOrientationLandscapeRight";
				IPHONEOS_DEPLOYMENT_TARGET = 15.0;
				LD_RUNPATH_SEARCH_PATHS = (
					"$(inherited)",
					"@executable_path/Frameworks",
				);
				MARKETING_VERSION = 1.0;
				PRODUCT_BUNDLE_IDENTIFIER = com.alessandropistocchi.APITest;
				PRODUCT_NAME = "$(TARGET_NAME)";
				SWIFT_EMIT_LOC_STRINGS = YES;
				SWIFT_VERSION = 5.0;
				TARGETED_DEVICE_FAMILY = "1,2";
			};
			name = Debug;
		};
		280223DF29194A7800249E7C /* Release */ = {
			isa = XCBuildConfiguration;
			buildSettings = {
				ASSETCATALOG_COMPILER_APPICON_NAME = AppIcon;
				ASSETCATALOG_COMPILER_GLOBAL_ACCENT_COLOR_NAME = AccentColor;
				CODE_SIGN_STYLE = Automatic;
				CURRENT_PROJECT_VERSION = 1;
				DEVELOPMENT_TEAM = 2MNJFCF34J;
				GENERATE_INFOPLIST_FILE = YES;
				INFOPLIST_FILE = APITest/Info.plist;
				INFOPLIST_KEY_UIApplicationSupportsIndirectInputEvents = YES;
				INFOPLIST_KEY_UILaunchStoryboardName = LaunchScreen;
				INFOPLIST_KEY_UIMainStoryboardFile = Main;
				INFOPLIST_KEY_UISupportedInterfaceOrientations_iPad = "UIInterfaceOrientationPortrait UIInterfaceOrientationPortraitUpsideDown UIInterfaceOrientationLandscapeLeft UIInterfaceOrientationLandscapeRight";
				INFOPLIST_KEY_UISupportedInterfaceOrientations_iPhone = "UIInterfaceOrientationPortrait UIInterfaceOrientationLandscapeLeft UIInterfaceOrientationLandscapeRight";
				IPHONEOS_DEPLOYMENT_TARGET = 15.0;
				LD_RUNPATH_SEARCH_PATHS = (
					"$(inherited)",
					"@executable_path/Frameworks",
				);
				MARKETING_VERSION = 1.0;
				PRODUCT_BUNDLE_IDENTIFIER = com.alessandropistocchi.APITest;
				PRODUCT_NAME = "$(TARGET_NAME)";
				SWIFT_EMIT_LOC_STRINGS = YES;
				SWIFT_VERSION = 5.0;
				TARGETED_DEVICE_FAMILY = "1,2";
			};
			name = Release;
		};
		280223E129194A7800249E7C /* Debug */ = {
			isa = XCBuildConfiguration;
			buildSettings = {
				ALWAYS_EMBED_SWIFT_STANDARD_LIBRARIES = YES;
				BUNDLE_LOADER = "$(TEST_HOST)";
				CODE_SIGN_STYLE = Automatic;
				CURRENT_PROJECT_VERSION = 1;
				DEVELOPMENT_TEAM = 2MNJFCF34J;
				GENERATE_INFOPLIST_FILE = YES;
				IPHONEOS_DEPLOYMENT_TARGET = 15.0;
				MARKETING_VERSION = 1.0;
				PRODUCT_BUNDLE_IDENTIFIER = com.alessandropistocchi.APITestTests;
				PRODUCT_NAME = "$(TARGET_NAME)";
				SWIFT_EMIT_LOC_STRINGS = NO;
				SWIFT_VERSION = 5.0;
				TARGETED_DEVICE_FAMILY = "1,2";
				TEST_HOST = "$(BUILT_PRODUCTS_DIR)/APITest.app/$(BUNDLE_EXECUTABLE_FOLDER_PATH)/APITest";
			};
			name = Debug;
		};
		280223E229194A7800249E7C /* Release */ = {
			isa = XCBuildConfiguration;
			buildSettings = {
				ALWAYS_EMBED_SWIFT_STANDARD_LIBRARIES = YES;
				BUNDLE_LOADER = "$(TEST_HOST)";
				CODE_SIGN_STYLE = Automatic;
				CURRENT_PROJECT_VERSION = 1;
				DEVELOPMENT_TEAM = 2MNJFCF34J;
				GENERATE_INFOPLIST_FILE = YES;
				IPHONEOS_DEPLOYMENT_TARGET = 15.0;
				MARKETING_VERSION = 1.0;
				PRODUCT_BUNDLE_IDENTIFIER = com.alessandropistocchi.APITestTests;
				PRODUCT_NAME = "$(TARGET_NAME)";
				SWIFT_EMIT_LOC_STRINGS = NO;
				SWIFT_VERSION = 5.0;
				TARGETED_DEVICE_FAMILY = "1,2";
				TEST_HOST = "$(BUILT_PRODUCTS_DIR)/APITest.app/$(BUNDLE_EXECUTABLE_FOLDER_PATH)/APITest";
			};
			name = Release;
		};
		280223E429194A7800249E7C /* Debug */ = {
			isa = XCBuildConfiguration;
			buildSettings = {
				ALWAYS_EMBED_SWIFT_STANDARD_LIBRARIES = YES;
				CODE_SIGN_STYLE = Automatic;
				CURRENT_PROJECT_VERSION = 1;
				DEVELOPMENT_TEAM = 2MNJFCF34J;
				GENERATE_INFOPLIST_FILE = YES;
				IPHONEOS_DEPLOYMENT_TARGET = 15.0;
				MARKETING_VERSION = 1.0;
				PRODUCT_BUNDLE_IDENTIFIER = com.alessandropistocchi.APITestUITests;
				PRODUCT_NAME = "$(TARGET_NAME)";
				SWIFT_EMIT_LOC_STRINGS = NO;
				SWIFT_VERSION = 5.0;
				TARGETED_DEVICE_FAMILY = "1,2";
				TEST_TARGET_NAME = APITest;
			};
			name = Debug;
		};
		280223E529194A7800249E7C /* Release */ = {
			isa = XCBuildConfiguration;
			buildSettings = {
				ALWAYS_EMBED_SWIFT_STANDARD_LIBRARIES = YES;
				CODE_SIGN_STYLE = Automatic;
				CURRENT_PROJECT_VERSION = 1;
				DEVELOPMENT_TEAM = 2MNJFCF34J;
				GENERATE_INFOPLIST_FILE = YES;
				IPHONEOS_DEPLOYMENT_TARGET = 15.0;
				MARKETING_VERSION = 1.0;
				PRODUCT_BUNDLE_IDENTIFIER = com.alessandropistocchi.APITestUITests;
				PRODUCT_NAME = "$(TARGET_NAME)";
				SWIFT_EMIT_LOC_STRINGS = NO;
				SWIFT_VERSION = 5.0;
				TARGETED_DEVICE_FAMILY = "1,2";
				TEST_TARGET_NAME = APITest;
			};
			name = Release;
		};
/* End XCBuildConfiguration section */

/* Begin XCConfigurationList section */
		280223AE29194A7500249E7C /* Build configuration list for PBXProject "APITest" */ = {
			isa = XCConfigurationList;
			buildConfigurations = (
				280223DB29194A7800249E7C /* Debug */,
				280223DC29194A7800249E7C /* Release */,
			);
			defaultConfigurationIsVisible = 0;
			defaultConfigurationName = Release;
		};
		280223DD29194A7800249E7C /* Build configuration list for PBXNativeTarget "APITest" */ = {
			isa = XCConfigurationList;
			buildConfigurations = (
				280223DE29194A7800249E7C /* Debug */,
				280223DF29194A7800249E7C /* Release */,
			);
			defaultConfigurationIsVisible = 0;
			defaultConfigurationName = Release;
		};
		280223E029194A7800249E7C /* Build configuration list for PBXNativeTarget "APITestTests" */ = {
			isa = XCConfigurationList;
			buildConfigurations = (
				280223E129194A7800249E7C /* Debug */,
				280223E229194A7800249E7C /* Release */,
			);
			defaultConfigurationIsVisible = 0;
			defaultConfigurationName = Release;
		};
		280223E329194A7800249E7C /* Build configuration list for PBXNativeTarget "APITestUITests" */ = {
			isa = XCConfigurationList;
			buildConfigurations = (
				280223E429194A7800249E7C /* Debug */,
				280223E529194A7800249E7C /* Release */,
			);
			defaultConfigurationIsVisible = 0;
			defaultConfigurationName = Release;
		};
/* End XCConfigurationList section */
	};
	rootObject = 280223AB29194A7500249E7C /* Project object */;
}
